
Microsoft Visual Studio Solution File, Format Version 12.00
# Visual Studio Version 17
VisualStudioVersion = 17.7.34031.279
MinimumVisualStudioVersion = 10.0.40219.1
Project("{FAE04EC0-301F-11D3-BF4B-00C04F79EFBC}") = "pRO1", "pRO1.csproj", "{17577FAF-2B85-456B-826C-4DD9E63A663F}"
EndProject
Global
	GlobalSection(SolutionConfigurationPlatforms) = preSolution
		Debug|Any CPU = Debug|Any CPU
		Release|Any CPU = Release|Any CPU
	EndGlobalSection
	GlobalSection(ProjectConfigurationPlatforms) = postSolution
		{17577FAF-2B85-456B-826C-4DD9E63A663F}.Debug|Any CPU.ActiveCfg = Debug|Any CPU
		{17577FAF-2B85-456B-826C-4DD9E63A663F}.Debug|Any CPU.Build.0 = Debug|Any CPU
		{17577FAF-2B85-456B-826C-4DD9E63A663F}.Release|Any CPU.ActiveCfg = Release|Any CPU
		{17577FAF-2B85-456B-826C-4DD9E63A663F}.Release|Any CPU.Build.0 = Release|Any CPU
	EndGlobalSection
	GlobalSection(SolutionProperties) = preSolution
		HideSolutionNode = FALSE
	EndGlobalSection
	GlobalSection(ExtensibilityGlobals) = postSolution
		SolutionGuid = {B00C2DA6-A5AA-449D-8C16-D5D21E88740A}
	EndGlobalSection
EndGlobal
